// !$*UTF8*$!
{
	archiveVersion = 1;
	classes = {
	};
	objectVersion = 48;
	objects = {

/* Begin PBXBuildFile section */
		994C4081205387F20095EC79 /* top.json in Resources */ = {isa = PBXBuildFile; fileRef = 994C4080205387F10095EC79 /* top.json */; };
		994C4083205398650095EC79 /* Models.swift in Sources */ = {isa = PBXBuildFile; fileRef = 994C4082205398650095EC79 /* Models.swift */; };
		99BF0E6B205377D200C5285F /* AppDelegate.swift in Sources */ = {isa = PBXBuildFile; fileRef = 99BF0E6A205377D200C5285F /* AppDelegate.swift */; };
		99BF0E6D205377D200C5285F /* MasterViewController.swift in Sources */ = {isa = PBXBuildFile; fileRef = 99BF0E6C205377D200C5285F /* MasterViewController.swift */; };
		99BF0E6F205377D200C5285F /* DetailViewController.swift in Sources */ = {isa = PBXBuildFile; fileRef = 99BF0E6E205377D200C5285F /* DetailViewController.swift */; };
		99BF0E72205377D200C5285F /* Main.storyboard in Resources */ = {isa = PBXBuildFile; fileRef = 99BF0E70205377D200C5285F /* Main.storyboard */; };
		99BF0E74205377D200C5285F /* Assets.xcassets in Resources */ = {isa = PBXBuildFile; fileRef = 99BF0E73205377D200C5285F /* Assets.xcassets */; };
		99BF0E77205377D200C5285F /* LaunchScreen.storyboard in Resources */ = {isa = PBXBuildFile; fileRef = 99BF0E75205377D200C5285F /* LaunchScreen.storyboard */; };
/* End PBXBuildFile section */

/* Begin PBXFileReference section */
		994C4080205387F10095EC79 /* top.json */ = {isa = PBXFileReference; fileEncoding = 4; lastKnownFileType = text.json; path = top.json; sourceTree = "<group>"; };
		994C4082205398650095EC79 /* Models.swift */ = {isa = PBXFileReference; lastKnownFileType = sourcecode.swift; path = Models.swift; sourceTree = "<group>"; };
		99BF0E67205377D200C5285F /* redditreader.app */ = {isa = PBXFileReference; explicitFileType = wrapper.application; includeInIndex = 0; path = redditreader.app; sourceTree = BUILT_PRODUCTS_DIR; };
		99BF0E6A205377D200C5285F /* AppDelegate.swift */ = {isa = PBXFileReference; lastKnownFileType = sourcecode.swift; path = AppDelegate.swift; sourceTree = "<group>"; };
		99BF0E6C205377D200C5285F /* MasterViewController.swift */ = {isa = PBXFileReference; lastKnownFileType = sourcecode.swift; path = MasterViewController.swift; sourceTree = "<group>"; };
		99BF0E6E205377D200C5285F /* DetailViewController.swift */ = {isa = PBXFileReference; lastKnownFileType = sourcecode.swift; path = DetailViewController.swift; sourceTree = "<group>"; };
		99BF0E71205377D200C5285F /* Base */ = {isa = PBXFileReference; lastKnownFileType = file.storyboard; name = Base; path = Base.lproj/Main.storyboard; sourceTree = "<group>"; };
		99BF0E73205377D200C5285F /* Assets.xcassets */ = {isa = PBXFileReference; lastKnownFileType = folder.assetcatalog; path = Assets.xcassets; sourceTree = "<group>"; };
		99BF0E76205377D200C5285F /* Base */ = {isa = PBXFileReference; lastKnownFileType = file.storyboard; name = Base; path = Base.lproj/LaunchScreen.storyboard; sourceTree = "<group>"; };
		99BF0E78205377D200C5285F /* Info.plist */ = {isa = PBXFileReference; lastKnownFileType = text.plist.xml; path = Info.plist; sourceTree = "<group>"; };
/* End PBXFileReference section */

/* Begin PBXFrameworksBuildPhase section */
		99BF0E64205377D200C5285F /* Frameworks */ = {
			isa = PBXFrameworksBuildPhase;
			buildActionMask = 2147483647;
			files = (
			);
			runOnlyForDeploymentPostprocessing = 0;
		};
/* End PBXFrameworksBuildPhase section */

/* Begin PBXGroup section */
		99BF0E5E205377D200C5285F = {
			isa = PBXGroup;
			children = (
				99BF0E69205377D200C5285F /* redditreader */,
				99BF0E68205377D200C5285F /* Products */,
			);
			sourceTree = "<group>";
		};
		99BF0E68205377D200C5285F /* Products */ = {
			isa = PBXGroup;
			children = (
				99BF0E67205377D200C5285F /* redditreader.app */,
			);
			name = Products;
			sourceTree = "<group>";
		};
		99BF0E69205377D200C5285F /* redditreader */ = {
			isa = PBXGroup;
			children = (
				99BF0E6A205377D200C5285F /* AppDelegate.swift */,
				99BF0E6C205377D200C5285F /* MasterViewController.swift */,
				99BF0E6E205377D200C5285F /* DetailViewController.swift */,
				994C4082205398650095EC79 /* Models.swift */,
				99BF0E70205377D200C5285F /* Main.storyboard */,
				99BF0E73205377D200C5285F /* Assets.xcassets */,
				99BF0E75205377D200C5285F /* LaunchScreen.storyboard */,
				99BF0E78205377D200C5285F /* Info.plist */,
				994C4080205387F10095EC79 /* top.json */,
			);
			path = redditreader;
			sourceTree = "<group>";
		};
/* End PBXGroup section */

/* Begin PBXNativeTarget section */
		99BF0E66205377D200C5285F /* redditreader */ = {
			isa = PBXNativeTarget;
			buildConfigurationList = 99BF0E7B205377D200C5285F /* Build configuration list for PBXNativeTarget "redditreader" */;
			buildPhases = (
				99BF0E63205377D200C5285F /* Sources */,
				99BF0E64205377D200C5285F /* Frameworks */,
				99BF0E65205377D200C5285F /* Resources */,
			);
			buildRules = (
			);
			dependencies = (
			);
			name = redditreader;
			productName = redditreader;
			productReference = 99BF0E67205377D200C5285F /* redditreader.app */;
			productType = "com.apple.product-type.application";
		};
/* End PBXNativeTarget section */

/* Begin PBXProject section */
		99BF0E5F205377D200C5285F /* Project object */ = {
			isa = PBXProject;
			attributes = {
				LastSwiftUpdateCheck = 0920;
				LastUpgradeCheck = 0920;
				ORGANIZATIONNAME = "Ale Mohamad";
				TargetAttributes = {
					99BF0E66205377D200C5285F = {
						CreatedOnToolsVersion = 9.2;
						ProvisioningStyle = Automatic;
					};
				};
			};
			buildConfigurationList = 99BF0E62205377D200C5285F /* Build configuration list for PBXProject "redditreader" */;
			compatibilityVersion = "Xcode 8.0";
			developmentRegion = en;
			hasScannedForEncodings = 0;
			knownRegions = (
				en,
				Base,
			);
			mainGroup = 99BF0E5E205377D200C5285F;
			productRefGroup = 99BF0E68205377D200C5285F /* Products */;
			projectDirPath = "";
			projectRoot = "";
			targets = (
				99BF0E66205377D200C5285F /* redditreader */,
			);
		};
/* End PBXProject section */

/* Begin PBXResourcesBuildPhase section */
		99BF0E65205377D200C5285F /* Resources */ = {
			isa = PBXResourcesBuildPhase;
			buildActionMask = 2147483647;
			files = (
				99BF0E77205377D200C5285F /* LaunchScreen.storyboard in Resources */,
				99BF0E74205377D200C5285F /* Assets.xcassets in Resources */,
				99BF0E72205377D200C5285F /* Main.storyboard in Resources */,
				994C4081205387F20095EC79 /* top.json in Resources */,
			);
			runOnlyForDeploymentPostprocessing = 0;
		};
/* End PBXResourcesBuildPhase section */

/* Begin PBXSourcesBuildPhase section */
		99BF0E63205377D200C5285F /* Sources */ = {
			isa = PBXSourcesBuildPhase;
			buildActionMask = 2147483647;
			files = (
				99BF0E6F205377D200C5285F /* DetailViewController.swift in Sources */,
				99BF0E6D205377D200C5285F /* MasterViewController.swift in Sources */,
				99BF0E6B205377D200C5285F /* AppDelegate.swift in Sources */,
				994C4083205398650095EC79 /* Models.swift in Sources */,
			);
			runOnlyForDeploymentPostprocessing = 0;
		};
/* End PBXSourcesBuildPhase section */

/* Begin PBXVariantGroup section */
		99BF0E70205377D200C5285F /* Main.storyboard */ = {
			isa = PBXVariantGroup;
			children = (
				99BF0E71205377D200C5285F /* Base */,
			);
			name = Main.storyboard;
			sourceTree = "<group>";
		};
		99BF0E75205377D200C5285F /* LaunchScreen.storyboard */ = {
			isa = PBXVariantGroup;
			children = (
				99BF0E76205377D200C5285F /* Base */,
			);
			name = LaunchScreen.storyboard;
			sourceTree = "<group>";
		};
/* End PBXVariantGroup section */

/* Begin XCBuildConfiguration section */
		99BF0E79205377D200C5285F /* Debug */ = {
			isa = XCBuildConfiguration;
			buildSettings = {
				ALWAYS_SEARCH_USER_PATHS = NO;
				CLANG_ANALYZER_NONNULL = YES;
				CLANG_ANALYZER_NUMBER_OBJECT_CONVERSION = YES_AGGRESSIVE;
				CLANG_CXX_LANGUAGE_STANDARD = "gnu++14";
				CLANG_CXX_LIBRARY = "libc++";
				CLANG_ENABLE_MODULES = YES;
				CLANG_ENABLE_OBJC_ARC = YES;
				CLANG_WARN_BLOCK_CAPTURE_AUTORELEASING = YES;
				CLANG_WARN_BOOL_CONVERSION = YES;
				CLANG_WARN_COMMA = YES;
				CLANG_WARN_CONSTANT_CONVERSION = YES;
				CLANG_WARN_DIRECT_OBJC_ISA_USAGE = YES_ERROR;
				CLANG_WARN_DOCUMENTATION_COMMENTS = YES;
				CLANG_WARN_EMPTY_BODY = YES;
				CLANG_WARN_ENUM_CONVERSION = YES;
				CLANG_WARN_INFINITE_RECURSION = YES;
				CLANG_WARN_INT_CONVERSION = YES;
				CLANG_WARN_NON_LITERAL_NULL_CONVERSION = YES;
				CLANG_WARN_OBJC_LITERAL_CONVERSION = YES;
				CLANG_WARN_OBJC_ROOT_CLASS = YES_ERROR;
				CLANG_WARN_RANGE_LOOP_ANALYSIS = YES;
				CLANG_WARN_STRICT_PROTOTYPES = YES;
				CLANG_WARN_SUSPICIOUS_MOVE = YES;
				CLANG_WARN_UNGUARDED_AVAILABILITY = YES_AGGRESSIVE;
				CLANG_WARN_UNREACHABLE_CODE = YES;
				CLANG_WARN__DUPLICATE_METHOD_MATCH = YES;
				CODE_SIGN_IDENTITY = "iPhone Developer";
				COPY_PHASE_STRIP = NO;
				DEBUG_INFORMATION_FORMAT = dwarf;
				ENABLE_STRICT_OBJC_MSGSEND = YES;
				ENABLE_TESTABILITY = YES;
				GCC_C_LANGUAGE_STANDARD = gnu11;
				GCC_DYNAMIC_NO_PIC = NO;
				GCC_NO_COMMON_BLOCKS = YES;
				GCC_OPTIMIZATION_LEVEL = 0;
				GCC_PREPROCESSOR_DEFINITIONS = (
					"DEBUG=1",
					"$(inherited)",
				);
				GCC_WARN_64_TO_32_BIT_CONVERSION = YES;
				GCC_WARN_ABOUT_RETURN_TYPE = YES_ERROR;
				GCC_WARN_UNDECLARED_SELECTOR = YES;
				GCC_WARN_UNINITIALIZED_AUTOS = YES_AGGRESSIVE;
				GCC_WARN_UNUSED_FUNCTION = YES;
				GCC_WARN_UNUSED_VARIABLE = YES;
				IPHONEOS_DEPLOYMENT_TARGET = 11.2;
				MTL_ENABLE_DEBUG_INFO = YES;
				ONLY_ACTIVE_ARCH = YES;
				SDKROOT = iphoneos;
				SWIFT_ACTIVE_COMPILATION_CONDITIONS = DEBUG;
				SWIFT_OPTIMIZATION_LEVEL = "-Onone";
			};
			name = Debug;
		};
		99BF0E7A205377D200C5285F /* Release */ = {
			isa = XCBuildConfiguration;
			buildSettings = {
				ALWAYS_SEARCH_USER_PATHS = NO;
				CLANG_ANALYZER_NONNULL = YES;
				CLANG_ANALYZER_NUMBER_OBJECT_CONVERSION = YES_AGGRESSIVE;
				CLANG_CXX_LANGUAGE_STANDARD = "gnu++14";
				CLANG_CXX_LIBRARY = "libc++";
				CLANG_ENABLE_MODULES = YES;
				CLANG_ENABLE_OBJC_ARC = YES;
				CLANG_WARN_BLOCK_CAPTURE_AUTORELEASING = YES;
				CLANG_WARN_BOOL_CONVERSION = YES;
				CLANG_WARN_COMMA = YES;
				CLANG_WARN_CONSTANT_CONVERSION = YES;
				CLANG_WARN_DIRECT_OBJC_ISA_USAGE = YES_ERROR;
				CLANG_WARN_DOCUMENTATION_COMMENTS = YES;
				CLANG_WARN_EMPTY_BODY = YES;
				CLANG_WARN_ENUM_CONVERSION = YES;
				CLANG_WARN_INFINITE_RECURSION = YES;
				CLANG_WARN_INT_CONVERSION = YES;
				CLANG_WARN_NON_LITERAL_NULL_CONVERSION = YES;
				CLANG_WARN_OBJC_LITERAL_CONVERSION = YES;
				CLANG_WARN_OBJC_ROOT_CLASS = YES_ERROR;
				CLANG_WARN_RANGE_LOOP_ANALYSIS = YES;
				CLANG_WARN_STRICT_PROTOTYPES = YES;
				CLANG_WARN_SUSPICIOUS_MOVE = YES;
				CLANG_WARN_UNGUARDED_AVAILABILITY = YES_AGGRESSIVE;
				CLANG_WARN_UNREACHABLE_CODE = YES;
				CLANG_WARN__DUPLICATE_METHOD_MATCH = YES;
				CODE_SIGN_IDENTITY = "iPhone Developer";
				COPY_PHASE_STRIP = NO;
				DEBUG_INFORMATION_FORMAT = "dwarf-with-dsym";
				ENABLE_NS_ASSERTIONS = NO;
				ENABLE_STRICT_OBJC_MSGSEND = YES;
				GCC_C_LANGUAGE_STANDARD = gnu11;
				GCC_NO_COMMON_BLOCKS = YES;
				GCC_WARN_64_TO_32_BIT_CONVERSION = YES;
				GCC_WARN_ABOUT_RETURN_TYPE = YES_ERROR;
				GCC_WARN_UNDECLARED_SELECTOR = YES;
				GCC_WARN_UNINITIALIZED_AUTOS = YES_AGGRESSIVE;
				GCC_WARN_UNUSED_FUNCTION = YES;
				GCC_WARN_UNUSED_VARIABLE = YES;
				IPHONEOS_DEPLOYMENT_TARGET = 11.2;
				MTL_ENABLE_DEBUG_INFO = NO;
				SDKROOT = iphoneos;
				SWIFT_OPTIMIZATION_LEVEL = "-Owholemodule";
				VALIDATE_PRODUCT = YES;
			};
			name = Release;
		};
		99BF0E7C205377D200C5285F /* Debug */ = {
			isa = XCBuildConfiguration;
			buildSettings = {
				ASSETCATALOG_COMPILER_APPICON_NAME = AppIcon;
				CODE_SIGN_STYLE = Automatic;
				DEVELOPMENT_TEAM = WCNR2RY47A;
				INFOPLIST_FILE = redditreader/Info.plist;
				LD_RUNPATH_SEARCH_PATHS = "$(inherited) @executable_path/Frameworks";
				PRODUCT_BUNDLE_IDENTIFIER = com.alemohamad.redditreader;
				PRODUCT_NAME = "$(TARGET_NAME)";
				SWIFT_VERSION = 4.0;
				TARGETED_DEVICE_FAMILY = "1,2";
			};
			name = Debug;
		};
		99BF0E7D205377D200C5285F /* Release */ = {
			isa = XCBuildConfiguration;
			buildSettings = {
				ASSETCATALOG_COMPILER_APPICON_NAME = AppIcon;
				CODE_SIGN_STYLE = Automatic;
				DEVELOPMENT_TEAM = WCNR2RY47A;
				INFOPLIST_FILE = redditreader/Info.plist;
				LD_RUNPATH_SEARCH_PATHS = "$(inherited) @executable_path/Frameworks";
				PRODUCT_BUNDLE_IDENTIFIER = com.alemohamad.redditreader;
				PRODUCT_NAME = "$(TARGET_NAME)";
				SWIFT_VERSION = 4.0;
				TARGETED_DEVICE_FAMILY = "1,2";
			};
			name = Release;
		};
/* End XCBuildConfiguration section */

/* Begin XCConfigurationList section */
		99BF0E62205377D200C5285F /* Build configuration list for PBXProject "redditreader" */ = {
			isa = XCConfigurationList;
			buildConfigurations = (
				99BF0E79205377D200C5285F /* Debug */,
				99BF0E7A205377D200C5285F /* Release */,
			);
			defaultConfigurationIsVisible = 0;
			defaultConfigurationName = Release;
		};
		99BF0E7B205377D200C5285F /* Build configuration list for PBXNativeTarget "redditreader" */ = {
			isa = XCConfigurationList;
			buildConfigurations = (
				99BF0E7C205377D200C5285F /* Debug */,
				99BF0E7D205377D200C5285F /* Release */,
			);
			defaultConfigurationIsVisible = 0;
			defaultConfigurationName = Release;
		};
/* End XCConfigurationList section */
	};
	rootObject = 99BF0E5F205377D200C5285F /* Project object */;
}
